
Microsoft Visual Studio Solution File, Format Version 12.00
# Visual Studio Version 17
VisualStudioVersion = 17.7.34031.279
MinimumVisualStudioVersion = 10.0.40219.1
Project("{FAE04EC0-301F-11D3-BF4B-00C04F79EFBC}") = "MontecarloExamen", "MontecarloExamen\MontecarloExamen.csproj", "{7416E65C-7E46-457D-87C1-D762EB13E2A5}"
EndProject
Global
	GlobalSection(SolutionConfigurationPlatforms) = preSolution
		Debug|Any CPU = Debug|Any CPU
		Release|Any CPU = Release|Any CPU
	EndGlobalSection
	GlobalSection(ProjectConfigurationPlatforms) = postSolution
		{7416E65C-7E46-457D-87C1-D762EB13E2A5}.Debug|Any CPU.ActiveCfg = Debug|Any CPU
		{7416E65C-7E46-457D-87C1-D762EB13E2A5}.Debug|Any CPU.Build.0 = Debug|Any CPU
		{7416E65C-7E46-457D-87C1-D762EB13E2A5}.Release|Any CPU.ActiveCfg = Release|Any CPU
		{7416E65C-7E46-457D-87C1-D762EB13E2A5}.Release|Any CPU.Build.0 = Release|Any CPU
	EndGlobalSection
	GlobalSection(SolutionProperties) = preSolution
		HideSolutionNode = FALSE
	EndGlobalSection
	GlobalSection(ExtensibilityGlobals) = postSolution
		SolutionGuid = {306FD31A-FDA3-4429-8CD8-78BB938F85FB}
	EndGlobalSection
EndGlobal
